// !$*UTF8*$!
{
	archiveVersion = 1;
	classes = {
	};
	objectVersion = 50;
	objects = {

/* Begin PBXBuildFile section */
		4E66A0E825A8F68B009A71EA /* DoItListApp.swift in Sources */ = {isa = PBXBuildFile; fileRef = 4E66A0E725A8F68B009A71EA /* DoItListApp.swift */; };
		4E66A0EA25A8F68B009A71EA /* ContentView.swift in Sources */ = {isa = PBXBuildFile; fileRef = 4E66A0E925A8F68B009A71EA /* ContentView.swift */; };
		4E66A0EC25A8F693009A71EA /* Assets.xcassets in Resources */ = {isa = PBXBuildFile; fileRef = 4E66A0EB25A8F693009A71EA /* Assets.xcassets */; };
		4E66A0EF25A8F693009A71EA /* Preview Assets.xcassets in Resources */ = {isa = PBXBuildFile; fileRef = 4E66A0EE25A8F693009A71EA /* Preview Assets.xcassets */; };
		4E66A0F825A8FAED009A71EA /* ListManager.swift in Sources */ = {isa = PBXBuildFile; fileRef = 4E66A0F725A8FAED009A71EA /* ListManager.swift */; };
		4E66A0FC25A8FB08009A71EA /* List.swift in Sources */ = {isa = PBXBuildFile; fileRef = 4E66A0FB25A8FB08009A71EA /* List.swift */; };
		4E66A10125A9A6F8009A71EA /* RegisterDivisionView.swift in Sources */ = {isa = PBXBuildFile; fileRef = 4E66A10025A9A6F8009A71EA /* RegisterDivisionView.swift */; };
		4E66A10625AA4A67009A71EA /* TasksView.swift in Sources */ = {isa = PBXBuildFile; fileRef = 4E66A10525AA4A67009A71EA /* TasksView.swift */; };
		4E66A10B25AA6EDF009A71EA /* RegisterTaskView.swift in Sources */ = {isa = PBXBuildFile; fileRef = 4E66A10A25AA6EDF009A71EA /* RegisterTaskView.swift */; };
/* End PBXBuildFile section */

/* Begin PBXFileReference section */
		4E66A0E425A8F68B009A71EA /* DoItList.app */ = {isa = PBXFileReference; explicitFileType = wrapper.application; includeInIndex = 0; path = DoItList.app; sourceTree = BUILT_PRODUCTS_DIR; };
		4E66A0E725A8F68B009A71EA /* DoItListApp.swift */ = {isa = PBXFileReference; lastKnownFileType = sourcecode.swift; path = DoItListApp.swift; sourceTree = "<group>"; };
		4E66A0E925A8F68B009A71EA /* ContentView.swift */ = {isa = PBXFileReference; lastKnownFileType = sourcecode.swift; path = ContentView.swift; sourceTree = "<group>"; };
		4E66A0EB25A8F693009A71EA /* Assets.xcassets */ = {isa = PBXFileReference; lastKnownFileType = folder.assetcatalog; path = Assets.xcassets; sourceTree = "<group>"; };
		4E66A0EE25A8F693009A71EA /* Preview Assets.xcassets */ = {isa = PBXFileReference; lastKnownFileType = folder.assetcatalog; path = "Preview Assets.xcassets"; sourceTree = "<group>"; };
		4E66A0F025A8F693009A71EA /* Info.plist */ = {isa = PBXFileReference; lastKnownFileType = text.plist.xml; path = Info.plist; sourceTree = "<group>"; };
		4E66A0F725A8FAED009A71EA /* ListManager.swift */ = {isa = PBXFileReference; lastKnownFileType = sourcecode.swift; path = ListManager.swift; sourceTree = "<group>"; };
		4E66A0FB25A8FB08009A71EA /* List.swift */ = {isa = PBXFileReference; lastKnownFileType = sourcecode.swift; path = List.swift; sourceTree = "<group>"; };
		4E66A10025A9A6F8009A71EA /* RegisterDivisionView.swift */ = {isa = PBXFileReference; lastKnownFileType = sourcecode.swift; path = RegisterDivisionView.swift; sourceTree = "<group>"; };
		4E66A10525AA4A67009A71EA /* TasksView.swift */ = {isa = PBXFileReference; lastKnownFileType = sourcecode.swift; path = TasksView.swift; sourceTree = "<group>"; };
		4E66A10A25AA6EDF009A71EA /* RegisterTaskView.swift */ = {isa = PBXFileReference; lastKnownFileType = sourcecode.swift; path = RegisterTaskView.swift; sourceTree = "<group>"; };
/* End PBXFileReference section */

/* Begin PBXFrameworksBuildPhase section */
		4E66A0E125A8F68B009A71EA /* Frameworks */ = {
			isa = PBXFrameworksBuildPhase;
			buildActionMask = 2147483647;
			files = (
			);
			runOnlyForDeploymentPostprocessing = 0;
		};
/* End PBXFrameworksBuildPhase section */

/* Begin PBXGroup section */
		4E0930EA25ACEF5B002EC4D4 /* View */ = {
			isa = PBXGroup;
			children = (
				4E66A0E925A8F68B009A71EA /* ContentView.swift */,
				4E66A10025A9A6F8009A71EA /* RegisterDivisionView.swift */,
				4E66A10A25AA6EDF009A71EA /* RegisterTaskView.swift */,
				4E66A10525AA4A67009A71EA /* TasksView.swift */,
			);
			path = View;
			sourceTree = "<group>";
		};
		4E0930ED25ACEF8E002EC4D4 /* View Model */ = {
			isa = PBXGroup;
			children = (
				4E66A0F725A8FAED009A71EA /* ListManager.swift */,
			);
			path = "View Model";
			sourceTree = "<group>";
		};
		4E0930EF25ACEF98002EC4D4 /* Model */ = {
			isa = PBXGroup;
			children = (
				4E66A0FB25A8FB08009A71EA /* List.swift */,
			);
			path = Model;
			sourceTree = "<group>";
		};
		4E66A0DB25A8F68B009A71EA = {
			isa = PBXGroup;
			children = (
				4E66A0E625A8F68B009A71EA /* DoItList */,
				4E66A0E525A8F68B009A71EA /* Products */,
			);
			sourceTree = "<group>";
		};
		4E66A0E525A8F68B009A71EA /* Products */ = {
			isa = PBXGroup;
			children = (
				4E66A0E425A8F68B009A71EA /* DoItList.app */,
			);
			name = Products;
			sourceTree = "<group>";
		};
		4E66A0E625A8F68B009A71EA /* DoItList */ = {
			isa = PBXGroup;
			children = (
				4E66A0E725A8F68B009A71EA /* DoItListApp.swift */,
				4E0930EA25ACEF5B002EC4D4 /* View */,
				4E0930ED25ACEF8E002EC4D4 /* View Model */,
				4E0930EF25ACEF98002EC4D4 /* Model */,
				4E66A0EB25A8F693009A71EA /* Assets.xcassets */,
				4E66A0F025A8F693009A71EA /* Info.plist */,
				4E66A0ED25A8F693009A71EA /* Preview Content */,
			);
			path = DoItList;
			sourceTree = "<group>";
		};
		4E66A0ED25A8F693009A71EA /* Preview Content */ = {
			isa = PBXGroup;
			children = (
				4E66A0EE25A8F693009A71EA /* Preview Assets.xcassets */,
			);
			path = "Preview Content";
			sourceTree = "<group>";
		};
/* End PBXGroup section */

/* Begin PBXNativeTarget section */
		4E66A0E325A8F68B009A71EA /* DoItList */ = {
			isa = PBXNativeTarget;
			buildConfigurationList = 4E66A0F325A8F693009A71EA /* Build configuration list for PBXNativeTarget "DoItList" */;
			buildPhases = (
				4E66A0E025A8F68B009A71EA /* Sources */,
				4E66A0E125A8F68B009A71EA /* Frameworks */,
				4E66A0E225A8F68B009A71EA /* Resources */,
			);
			buildRules = (
			);
			dependencies = (
			);
			name = DoItList;
			productName = DoItList;
			productReference = 4E66A0E425A8F68B009A71EA /* DoItList.app */;
			productType = "com.apple.product-type.application";
		};
/* End PBXNativeTarget section */

/* Begin PBXProject section */
		4E66A0DC25A8F68B009A71EA /* Project object */ = {
			isa = PBXProject;
			attributes = {
				LastSwiftUpdateCheck = 1220;
				LastUpgradeCheck = 1220;
				TargetAttributes = {
					4E66A0E325A8F68B009A71EA = {
						CreatedOnToolsVersion = 12.2;
					};
				};
			};
			buildConfigurationList = 4E66A0DF25A8F68B009A71EA /* Build configuration list for PBXProject "DoItList" */;
			compatibilityVersion = "Xcode 9.3";
			developmentRegion = en;
			hasScannedForEncodings = 0;
			knownRegions = (
				en,
				Base,
			);
			mainGroup = 4E66A0DB25A8F68B009A71EA;
			productRefGroup = 4E66A0E525A8F68B009A71EA /* Products */;
			projectDirPath = "";
			projectRoot = "";
			targets = (
				4E66A0E325A8F68B009A71EA /* DoItList */,
			);
		};
/* End PBXProject section */

/* Begin PBXResourcesBuildPhase section */
		4E66A0E225A8F68B009A71EA /* Resources */ = {
			isa = PBXResourcesBuildPhase;
			buildActionMask = 2147483647;
			files = (
				4E66A0EF25A8F693009A71EA /* Preview Assets.xcassets in Resources */,
				4E66A0EC25A8F693009A71EA /* Assets.xcassets in Resources */,
			);
			runOnlyForDeploymentPostprocessing = 0;
		};
/* End PBXResourcesBuildPhase section */

/* Begin PBXSourcesBuildPhase section */
		4E66A0E025A8F68B009A71EA /* Sources */ = {
			isa = PBXSourcesBuildPhase;
			buildActionMask = 2147483647;
			files = (
				4E66A10B25AA6EDF009A71EA /* RegisterTaskView.swift in Sources */,
				4E66A0EA25A8F68B009A71EA /* ContentView.swift in Sources */,
				4E66A10625AA4A67009A71EA /* TasksView.swift in Sources */,
				4E66A10125A9A6F8009A71EA /* RegisterDivisionView.swift in Sources */,
				4E66A0FC25A8FB08009A71EA /* List.swift in Sources */,
				4E66A0F825A8FAED009A71EA /* ListManager.swift in Sources */,
				4E66A0E825A8F68B009A71EA /* DoItListApp.swift in Sources */,
			);
			runOnlyForDeploymentPostprocessing = 0;
		};
/* End PBXSourcesBuildPhase section */

/* Begin XCBuildConfiguration section */
		4E66A0F125A8F693009A71EA /* Debug */ = {
			isa = XCBuildConfiguration;
			buildSettings = {
				ALWAYS_SEARCH_USER_PATHS = NO;
				CLANG_ANALYZER_NONNULL = YES;
				CLANG_ANALYZER_NUMBER_OBJECT_CONVERSION = YES_AGGRESSIVE;
				CLANG_CXX_LANGUAGE_STANDARD = "gnu++14";
				CLANG_CXX_LIBRARY = "libc++";
				CLANG_ENABLE_MODULES = YES;
				CLANG_ENABLE_OBJC_ARC = YES;
				CLANG_ENABLE_OBJC_WEAK = YES;
				CLANG_WARN_BLOCK_CAPTURE_AUTORELEASING = YES;
				CLANG_WARN_BOOL_CONVERSION = YES;
				CLANG_WARN_COMMA = YES;
				CLANG_WARN_CONSTANT_CONVERSION = YES;
				CLANG_WARN_DEPRECATED_OBJC_IMPLEMENTATIONS = YES;
				CLANG_WARN_DIRECT_OBJC_ISA_USAGE = YES_ERROR;
				CLANG_WARN_DOCUMENTATION_COMMENTS = YES;
				CLANG_WARN_EMPTY_BODY = YES;
				CLANG_WARN_ENUM_CONVERSION = YES;
				CLANG_WARN_INFINITE_RECURSION = YES;
				CLANG_WARN_INT_CONVERSION = YES;
				CLANG_WARN_NON_LITERAL_NULL_CONVERSION = YES;
				CLANG_WARN_OBJC_IMPLICIT_RETAIN_SELF = YES;
				CLANG_WARN_OBJC_LITERAL_CONVERSION = YES;
				CLANG_WARN_OBJC_ROOT_CLASS = YES_ERROR;
				CLANG_WARN_QUOTED_INCLUDE_IN_FRAMEWORK_HEADER = YES;
				CLANG_WARN_RANGE_LOOP_ANALYSIS = YES;
				CLANG_WARN_STRICT_PROTOTYPES = YES;
				CLANG_WARN_SUSPICIOUS_MOVE = YES;
				CLANG_WARN_UNGUARDED_AVAILABILITY = YES_AGGRESSIVE;
				CLANG_WARN_UNREACHABLE_CODE = YES;
				CLANG_WARN__DUPLICATE_METHOD_MATCH = YES;
				COPY_PHASE_STRIP = NO;
				DEBUG_INFORMATION_FORMAT = dwarf;
				ENABLE_STRICT_OBJC_MSGSEND = YES;
				ENABLE_TESTABILITY = YES;
				GCC_C_LANGUAGE_STANDARD = gnu11;
				GCC_DYNAMIC_NO_PIC = NO;
				GCC_NO_COMMON_BLOCKS = YES;
				GCC_OPTIMIZATION_LEVEL = 0;
				GCC_PREPROCESSOR_DEFINITIONS = (
					"DEBUG=1",
					"$(inherited)",
				);
				GCC_WARN_64_TO_32_BIT_CONVERSION = YES;
				GCC_WARN_ABOUT_RETURN_TYPE = YES_ERROR;
				GCC_WARN_UNDECLARED_SELECTOR = YES;
				GCC_WARN_UNINITIALIZED_AUTOS = YES_AGGRESSIVE;
				GCC_WARN_UNUSED_FUNCTION = YES;
				GCC_WARN_UNUSED_VARIABLE = YES;
				IPHONEOS_DEPLOYMENT_TARGET = 14.2;
				MTL_ENABLE_DEBUG_INFO = INCLUDE_SOURCE;
				MTL_FAST_MATH = YES;
				ONLY_ACTIVE_ARCH = YES;
				SDKROOT = iphoneos;
				SWIFT_ACTIVE_COMPILATION_CONDITIONS = DEBUG;
				SWIFT_OPTIMIZATION_LEVEL = "-Onone";
			};
			name = Debug;
		};
		4E66A0F225A8F693009A71EA /* Release */ = {
			isa = XCBuildConfiguration;
			buildSettings = {
				ALWAYS_SEARCH_USER_PATHS = NO;
				CLANG_ANALYZER_NONNULL = YES;
				CLANG_ANALYZER_NUMBER_OBJECT_CONVERSION = YES_AGGRESSIVE;
				CLANG_CXX_LANGUAGE_STANDARD = "gnu++14";
				CLANG_CXX_LIBRARY = "libc++";
				CLANG_ENABLE_MODULES = YES;
				CLANG_ENABLE_OBJC_ARC = YES;
				CLANG_ENABLE_OBJC_WEAK = YES;
				CLANG_WARN_BLOCK_CAPTURE_AUTORELEASING = YES;
				CLANG_WARN_BOOL_CONVERSION = YES;
				CLANG_WARN_COMMA = YES;
				CLANG_WARN_CONSTANT_CONVERSION = YES;
				CLANG_WARN_DEPRECATED_OBJC_IMPLEMENTATIONS = YES;
				CLANG_WARN_DIRECT_OBJC_ISA_USAGE = YES_ERROR;
				CLANG_WARN_DOCUMENTATION_COMMENTS = YES;
				CLANG_WARN_EMPTY_BODY = YES;
				CLANG_WARN_ENUM_CONVERSION = YES;
				CLANG_WARN_INFINITE_RECURSION = YES;
				CLANG_WARN_INT_CONVERSION = YES;
				CLANG_WARN_NON_LITERAL_NULL_CONVERSION = YES;
				CLANG_WARN_OBJC_IMPLICIT_RETAIN_SELF = YES;
				CLANG_WARN_OBJC_LITERAL_CONVERSION = YES;
				CLANG_WARN_OBJC_ROOT_CLASS = YES_ERROR;
				CLANG_WARN_QUOTED_INCLUDE_IN_FRAMEWORK_HEADER = YES;
				CLANG_WARN_RANGE_LOOP_ANALYSIS = YES;
				CLANG_WARN_STRICT_PROTOTYPES = YES;
				CLANG_WARN_SUSPICIOUS_MOVE = YES;
				CLANG_WARN_UNGUARDED_AVAILABILITY = YES_AGGRESSIVE;
				CLANG_WARN_UNREACHABLE_CODE = YES;
				CLANG_WARN__DUPLICATE_METHOD_MATCH = YES;
				COPY_PHASE_STRIP = NO;
				DEBUG_INFORMATION_FORMAT = "dwarf-with-dsym";
				ENABLE_NS_ASSERTIONS = NO;
				ENABLE_STRICT_OBJC_MSGSEND = YES;
				GCC_C_LANGUAGE_STANDARD = gnu11;
				GCC_NO_COMMON_BLOCKS = YES;
				GCC_WARN_64_TO_32_BIT_CONVERSION = YES;
				GCC_WARN_ABOUT_RETURN_TYPE = YES_ERROR;
				GCC_WARN_UNDECLARED_SELECTOR = YES;
				GCC_WARN_UNINITIALIZED_AUTOS = YES_AGGRESSIVE;
				GCC_WARN_UNUSED_FUNCTION = YES;
				GCC_WARN_UNUSED_VARIABLE = YES;
				IPHONEOS_DEPLOYMENT_TARGET = 14.2;
				MTL_ENABLE_DEBUG_INFO = NO;
				MTL_FAST_MATH = YES;
				SDKROOT = iphoneos;
				SWIFT_COMPILATION_MODE = wholemodule;
				SWIFT_OPTIMIZATION_LEVEL = "-O";
				VALIDATE_PRODUCT = YES;
			};
			name = Release;
		};
		4E66A0F425A8F693009A71EA /* Debug */ = {
			isa = XCBuildConfiguration;
			buildSettings = {
				ASSETCATALOG_COMPILER_APPICON_NAME = AppIcon;
				ASSETCATALOG_COMPILER_GLOBAL_ACCENT_COLOR_NAME = AccentColor;
				CODE_SIGN_STYLE = Automatic;
				DEVELOPMENT_ASSET_PATHS = "\"DoItList/Preview Content\"";
				DEVELOPMENT_TEAM = V7GM8G5V55;
				ENABLE_PREVIEWS = YES;
				INFOPLIST_FILE = DoItList/Info.plist;
				IPHONEOS_DEPLOYMENT_TARGET = 14.0;
				LD_RUNPATH_SEARCH_PATHS = (
					"$(inherited)",
					"@executable_path/Frameworks",
				);
				PRODUCT_BUNDLE_IDENTIFIER = com.joaovictoripiraja.DoItList;
				PRODUCT_NAME = "$(TARGET_NAME)";
				SWIFT_VERSION = 5.0;
				TARGETED_DEVICE_FAMILY = "1,2";
			};
			name = Debug;
		};
		4E66A0F525A8F693009A71EA /* Release */ = {
			isa = XCBuildConfiguration;
			buildSettings = {
				ASSETCATALOG_COMPILER_APPICON_NAME = AppIcon;
				ASSETCATALOG_COMPILER_GLOBAL_ACCENT_COLOR_NAME = AccentColor;
				CODE_SIGN_STYLE = Automatic;
				DEVELOPMENT_ASSET_PATHS = "\"DoItList/Preview Content\"";
				DEVELOPMENT_TEAM = V7GM8G5V55;
				ENABLE_PREVIEWS = YES;
				INFOPLIST_FILE = DoItList/Info.plist;
				IPHONEOS_DEPLOYMENT_TARGET = 14.0;
				LD_RUNPATH_SEARCH_PATHS = (
					"$(inherited)",
					"@executable_path/Frameworks",
				);
				PRODUCT_BUNDLE_IDENTIFIER = com.joaovictoripiraja.DoItList;
				PRODUCT_NAME = "$(TARGET_NAME)";
				SWIFT_VERSION = 5.0;
				TARGETED_DEVICE_FAMILY = "1,2";
			};
			name = Release;
		};
/* End XCBuildConfiguration section */

/* Begin XCConfigurationList section */
		4E66A0DF25A8F68B009A71EA /* Build configuration list for PBXProject "DoItList" */ = {
			isa = XCConfigurationList;
			buildConfigurations = (
				4E66A0F125A8F693009A71EA /* Debug */,
				4E66A0F225A8F693009A71EA /* Release */,
			);
			defaultConfigurationIsVisible = 0;
			defaultConfigurationName = Release;
		};
		4E66A0F325A8F693009A71EA /* Build configuration list for PBXNativeTarget "DoItList" */ = {
			isa = XCConfigurationList;
			buildConfigurations = (
				4E66A0F425A8F693009A71EA /* Debug */,
				4E66A0F525A8F693009A71EA /* Release */,
			);
			defaultConfigurationIsVisible = 0;
			defaultConfigurationName = Release;
		};
/* End XCConfigurationList section */
	};
	rootObject = 4E66A0DC25A8F68B009A71EA /* Project object */;
}
